
Microsoft Visual Studio Solution File, Format Version 12.00
# Visual Studio 15
VisualStudioVersion = 15.0.27004.2006
MinimumVisualStudioVersion = 10.0.40219.1
Project("{2150E333-8FDC-42A3-9474-1A3956D46DE8}") = "Solution Items", "Solution Items", "{2B9FC2BC-3A8D-45E5-95BB-DA0CD5639C9F}"
	ProjectSection(SolutionItems) = preProject
		License.txt = License.txt
	EndProjectSection
EndProject
Project("{FAE04EC0-301F-11D3-BF4B-00C04F79EFBC}") = "SpaceMUD.Common", "SpaceMUD.Common\SpaceMUD.Common.csproj", "{7A271C9F-D5BB-4517-8EE8-AFE8236E3376}"
EndProject
Project("{FAE04EC0-301F-11D3-BF4B-00C04F79EFBC}") = "SpaceMUD.Server", "SpaceMUD.Server\SpaceMUD.Server.csproj", "{7FD979FE-BFD5-4A25-A03E-A3B62A6EC477}"
EndProject
Project("{FAE04EC0-301F-11D3-BF4B-00C04F79EFBC}") = "SpaceMUD.Database", "SpaceMUD.Database\SpaceMUD.Database.csproj", "{7F654E58-63AE-4C45-9113-24BFD01C76F5}"
EndProject
Project("{FAE04EC0-301F-11D3-BF4B-00C04F79EFBC}") = "SpaceMUD.Database.TESTS", "Tests\SpaceMUD.Database.TESTS\SpaceMUD.Database.TESTS.csproj", "{CEE50471-634B-4331-A445-BF0F666EE9BF}"
EndProject
Global
	GlobalSection(SolutionConfigurationPlatforms) = preSolution
		Debug|Any CPU = Debug|Any CPU
		Release|Any CPU = Release|Any CPU
	EndGlobalSection
	GlobalSection(ProjectConfigurationPlatforms) = postSolution
		{7A271C9F-D5BB-4517-8EE8-AFE8236E3376}.Debug|Any CPU.ActiveCfg = Debug|Any CPU
		{7A271C9F-D5BB-4517-8EE8-AFE8236E3376}.Debug|Any CPU.Build.0 = Debug|Any CPU
		{7A271C9F-D5BB-4517-8EE8-AFE8236E3376}.Release|Any CPU.ActiveCfg = Release|Any CPU
		{7A271C9F-D5BB-4517-8EE8-AFE8236E3376}.Release|Any CPU.Build.0 = Release|Any CPU
		{7FD979FE-BFD5-4A25-A03E-A3B62A6EC477}.Debug|Any CPU.ActiveCfg = Debug|Any CPU
		{7FD979FE-BFD5-4A25-A03E-A3B62A6EC477}.Debug|Any CPU.Build.0 = Debug|Any CPU
		{7FD979FE-BFD5-4A25-A03E-A3B62A6EC477}.Release|Any CPU.ActiveCfg = Release|Any CPU
		{7FD979FE-BFD5-4A25-A03E-A3B62A6EC477}.Release|Any CPU.Build.0 = Release|Any CPU
		{7F654E58-63AE-4C45-9113-24BFD01C76F5}.Debug|Any CPU.ActiveCfg = Debug|Any CPU
		{7F654E58-63AE-4C45-9113-24BFD01C76F5}.Debug|Any CPU.Build.0 = Debug|Any CPU
		{7F654E58-63AE-4C45-9113-24BFD01C76F5}.Release|Any CPU.ActiveCfg = Release|Any CPU
		{7F654E58-63AE-4C45-9113-24BFD01C76F5}.Release|Any CPU.Build.0 = Release|Any CPU
		{CEE50471-634B-4331-A445-BF0F666EE9BF}.Debug|Any CPU.ActiveCfg = Debug|Any CPU
		{CEE50471-634B-4331-A445-BF0F666EE9BF}.Debug|Any CPU.Build.0 = Debug|Any CPU
		{CEE50471-634B-4331-A445-BF0F666EE9BF}.Release|Any CPU.ActiveCfg = Release|Any CPU
		{CEE50471-634B-4331-A445-BF0F666EE9BF}.Release|Any CPU.Build.0 = Release|Any CPU
	EndGlobalSection
	GlobalSection(SolutionProperties) = preSolution
		HideSolutionNode = FALSE
	EndGlobalSection
	GlobalSection(ExtensibilityGlobals) = postSolution
		SolutionGuid = {B2C1D58B-5D7B-4B66-9C15-405514A52758}
	EndGlobalSection
EndGlobal
